// !$*UTF8*$!
{
	archiveVersion = 1;
	classes = {
	};
	objectVersion = 50;
	objects = {

/* Begin PBXBuildFile section */
		7A45B68C21AE228300276A51 /* PhotomaniaAppDelegate.m in Sources */ = {isa = PBXBuildFile; fileRef = 7A45B68B21AE228300276A51 /* PhotomaniaAppDelegate.m */; };
		7A45B69221AE228300276A51 /* Main.storyboard in Resources */ = {isa = PBXBuildFile; fileRef = 7A45B69021AE228300276A51 /* Main.storyboard */; };
		7A45B69521AE228300276A51 /* PhotomaniaForiOS.xcdatamodeld in Sources */ = {isa = PBXBuildFile; fileRef = 7A45B69321AE228300276A51 /* PhotomaniaForiOS.xcdatamodeld */; };
		7A45B69721AE228400276A51 /* Assets.xcassets in Resources */ = {isa = PBXBuildFile; fileRef = 7A45B69621AE228400276A51 /* Assets.xcassets */; };
		7A45B69A21AE228400276A51 /* LaunchScreen.storyboard in Resources */ = {isa = PBXBuildFile; fileRef = 7A45B69821AE228400276A51 /* LaunchScreen.storyboard */; };
		7A45B69D21AE228400276A51 /* main.m in Sources */ = {isa = PBXBuildFile; fileRef = 7A45B69C21AE228400276A51 /* main.m */; };
		7A45B6B221AE23D600276A51 /* FlickrFetcher.m in Sources */ = {isa = PBXBuildFile; fileRef = 7A45B6B121AE23D600276A51 /* FlickrFetcher.m */; };
		7A45B6BA21AE244F00276A51 /* Photo+Flickr.m in Sources */ = {isa = PBXBuildFile; fileRef = 7A45B6B921AE244F00276A51 /* Photo+Flickr.m */; };
		7A45B6C021AE24C700276A51 /* Photographer+Create.m in Sources */ = {isa = PBXBuildFile; fileRef = 7A45B6BF21AE24C700276A51 /* Photographer+Create.m */; };
		7A45B6C421AE2A1500276A51 /* PhotosByPhotographersCDTVC.m in Sources */ = {isa = PBXBuildFile; fileRef = 7A45B6C321AE2A1500276A51 /* PhotosByPhotographersCDTVC.m */; };
		7A45B6C921AE318700276A51 /* PhotographerCDTVC.m in Sources */ = {isa = PBXBuildFile; fileRef = 7A45B6C821AE318700276A51 /* PhotographerCDTVC.m */; };
		7A45B6CE21AE31E100276A51 /* PhotomaniaAppDelegate+MOC.m in Sources */ = {isa = PBXBuildFile; fileRef = 7A45B6CC21AE31E100276A51 /* PhotomaniaAppDelegate+MOC.m */; };
		7A45B6D121AE31EC00276A51 /* CoreDataTableViewController.m in Sources */ = {isa = PBXBuildFile; fileRef = 7A45B6D021AE31EC00276A51 /* CoreDataTableViewController.m */; };
		7A45B6D421AE353900276A51 /* ImageViewController.m in Sources */ = {isa = PBXBuildFile; fileRef = 7A45B6D321AE353900276A51 /* ImageViewController.m */; };
/* End PBXBuildFile section */

/* Begin PBXFileReference section */
		7A45B68721AE228300276A51 /* PhotomaniaForiOS.app */ = {isa = PBXFileReference; explicitFileType = wrapper.application; includeInIndex = 0; path = PhotomaniaForiOS.app; sourceTree = BUILT_PRODUCTS_DIR; };
		7A45B68A21AE228300276A51 /* PhotomaniaAppDelegate.h */ = {isa = PBXFileReference; lastKnownFileType = sourcecode.c.h; path = PhotomaniaAppDelegate.h; sourceTree = "<group>"; };
		7A45B68B21AE228300276A51 /* PhotomaniaAppDelegate.m */ = {isa = PBXFileReference; lastKnownFileType = sourcecode.c.objc; path = PhotomaniaAppDelegate.m; sourceTree = "<group>"; };
		7A45B69121AE228300276A51 /* Base */ = {isa = PBXFileReference; lastKnownFileType = file.storyboard; name = Base; path = Base.lproj/Main.storyboard; sourceTree = "<group>"; };
		7A45B69421AE228300276A51 /* PhotomaniaForiOS.xcdatamodel */ = {isa = PBXFileReference; lastKnownFileType = wrapper.xcdatamodel; path = PhotomaniaForiOS.xcdatamodel; sourceTree = "<group>"; };
		7A45B69621AE228400276A51 /* Assets.xcassets */ = {isa = PBXFileReference; lastKnownFileType = folder.assetcatalog; path = Assets.xcassets; sourceTree = "<group>"; };
		7A45B69921AE228400276A51 /* Base */ = {isa = PBXFileReference; lastKnownFileType = file.storyboard; name = Base; path = Base.lproj/LaunchScreen.storyboard; sourceTree = "<group>"; };
		7A45B69B21AE228400276A51 /* Info.plist */ = {isa = PBXFileReference; lastKnownFileType = text.plist.xml; path = Info.plist; sourceTree = "<group>"; };
		7A45B69C21AE228400276A51 /* main.m */ = {isa = PBXFileReference; lastKnownFileType = sourcecode.c.objc; path = main.m; sourceTree = "<group>"; };
		7A45B6A321AE233A00276A51 /* Photo+CoreDataProperties.h */ = {isa = PBXFileReference; lastKnownFileType = sourcecode.c.h; path = "Photo+CoreDataProperties.h"; sourceTree = "<group>"; };
		7A45B6A421AE233A00276A51 /* Photo+CoreDataClass.h */ = {isa = PBXFileReference; lastKnownFileType = sourcecode.c.h; path = "Photo+CoreDataClass.h"; sourceTree = "<group>"; };
		7A45B6A521AE233A00276A51 /* Photo+CoreDataClass.m */ = {isa = PBXFileReference; lastKnownFileType = sourcecode.c.objc; path = "Photo+CoreDataClass.m"; sourceTree = "<group>"; };
		7A45B6A621AE233A00276A51 /* Photo+CoreDataProperties.m */ = {isa = PBXFileReference; lastKnownFileType = sourcecode.c.objc; path = "Photo+CoreDataProperties.m"; sourceTree = "<group>"; };
		7A45B6A721AE233A00276A51 /* Photographer+CoreDataProperties.h */ = {isa = PBXFileReference; lastKnownFileType = sourcecode.c.h; path = "Photographer+CoreDataProperties.h"; sourceTree = "<group>"; };
		7A45B6A821AE233A00276A51 /* Photographer+CoreDataClass.h */ = {isa = PBXFileReference; lastKnownFileType = sourcecode.c.h; path = "Photographer+CoreDataClass.h"; sourceTree = "<group>"; };
		7A45B6A921AE233A00276A51 /* Photographer+CoreDataClass.m */ = {isa = PBXFileReference; lastKnownFileType = sourcecode.c.objc; path = "Photographer+CoreDataClass.m"; sourceTree = "<group>"; };
		7A45B6AA21AE233A00276A51 /* Photographer+CoreDataProperties.m */ = {isa = PBXFileReference; lastKnownFileType = sourcecode.c.objc; path = "Photographer+CoreDataProperties.m"; sourceTree = "<group>"; };
		7A45B6AF21AE23D600276A51 /* FlickrAPIKey.h */ = {isa = PBXFileReference; fileEncoding = 4; lastKnownFileType = sourcecode.c.h; path = FlickrAPIKey.h; sourceTree = "<group>"; };
		7A45B6B021AE23D600276A51 /* FlickrFetcher.h */ = {isa = PBXFileReference; fileEncoding = 4; lastKnownFileType = sourcecode.c.h; path = FlickrFetcher.h; sourceTree = "<group>"; };
		7A45B6B121AE23D600276A51 /* FlickrFetcher.m */ = {isa = PBXFileReference; fileEncoding = 4; lastKnownFileType = sourcecode.c.objc; path = FlickrFetcher.m; sourceTree = "<group>"; };
		7A45B6B821AE244F00276A51 /* Photo+Flickr.h */ = {isa = PBXFileReference; lastKnownFileType = sourcecode.c.h; path = "Photo+Flickr.h"; sourceTree = "<group>"; };
		7A45B6B921AE244F00276A51 /* Photo+Flickr.m */ = {isa = PBXFileReference; lastKnownFileType = sourcecode.c.objc; path = "Photo+Flickr.m"; sourceTree = "<group>"; };
		7A45B6BE21AE24C700276A51 /* Photographer+Create.h */ = {isa = PBXFileReference; lastKnownFileType = sourcecode.c.h; path = "Photographer+Create.h"; sourceTree = "<group>"; };
		7A45B6BF21AE24C700276A51 /* Photographer+Create.m */ = {isa = PBXFileReference; lastKnownFileType = sourcecode.c.objc; path = "Photographer+Create.m"; sourceTree = "<group>"; };
		7A45B6C121AE296900276A51 /* PhotoDatabaseAvailability.h */ = {isa = PBXFileReference; lastKnownFileType = sourcecode.c.h; path = PhotoDatabaseAvailability.h; sourceTree = "<group>"; };
		7A45B6C221AE2A1500276A51 /* PhotosByPhotographersCDTVC.h */ = {isa = PBXFileReference; lastKnownFileType = sourcecode.c.h; path = PhotosByPhotographersCDTVC.h; sourceTree = "<group>"; };
		7A45B6C321AE2A1500276A51 /* PhotosByPhotographersCDTVC.m */ = {isa = PBXFileReference; lastKnownFileType = sourcecode.c.objc; path = PhotosByPhotographersCDTVC.m; sourceTree = "<group>"; };
		7A45B6C721AE318700276A51 /* PhotographerCDTVC.h */ = {isa = PBXFileReference; lastKnownFileType = sourcecode.c.h; path = PhotographerCDTVC.h; sourceTree = "<group>"; };
		7A45B6C821AE318700276A51 /* PhotographerCDTVC.m */ = {isa = PBXFileReference; lastKnownFileType = sourcecode.c.objc; path = PhotographerCDTVC.m; sourceTree = "<group>"; };
		7A45B6CC21AE31E100276A51 /* PhotomaniaAppDelegate+MOC.m */ = {isa = PBXFileReference; fileEncoding = 4; lastKnownFileType = sourcecode.c.objc; path = "PhotomaniaAppDelegate+MOC.m"; sourceTree = "<group>"; };
		7A45B6CD21AE31E100276A51 /* PhotomaniaAppDelegate+MOC.h */ = {isa = PBXFileReference; fileEncoding = 4; lastKnownFileType = sourcecode.c.h; path = "PhotomaniaAppDelegate+MOC.h"; sourceTree = "<group>"; };
		7A45B6CF21AE31EC00276A51 /* CoreDataTableViewController.h */ = {isa = PBXFileReference; fileEncoding = 4; lastKnownFileType = sourcecode.c.h; path = CoreDataTableViewController.h; sourceTree = "<group>"; };
		7A45B6D021AE31EC00276A51 /* CoreDataTableViewController.m */ = {isa = PBXFileReference; fileEncoding = 4; lastKnownFileType = sourcecode.c.objc; path = CoreDataTableViewController.m; sourceTree = "<group>"; };
		7A45B6D221AE353900276A51 /* ImageViewController.h */ = {isa = PBXFileReference; fileEncoding = 4; lastKnownFileType = sourcecode.c.h; path = ImageViewController.h; sourceTree = "<group>"; };
		7A45B6D321AE353900276A51 /* ImageViewController.m */ = {isa = PBXFileReference; fileEncoding = 4; lastKnownFileType = sourcecode.c.objc; path = ImageViewController.m; sourceTree = "<group>"; };
/* End PBXFileReference section */

/* Begin PBXFrameworksBuildPhase section */
		7A45B68421AE228300276A51 /* Frameworks */ = {
			isa = PBXFrameworksBuildPhase;
			buildActionMask = 2147483647;
			files = (
			);
			runOnlyForDeploymentPostprocessing = 0;
		};
/* End PBXFrameworksBuildPhase section */

/* Begin PBXGroup section */
		7A45B67E21AE228300276A51 = {
			isa = PBXGroup;
			children = (
				7A45B6A321AE233A00276A51 /* Photo+CoreDataProperties.h */,
				7A45B6A421AE233A00276A51 /* Photo+CoreDataClass.h */,
				7A45B6A521AE233A00276A51 /* Photo+CoreDataClass.m */,
				7A45B6A621AE233A00276A51 /* Photo+CoreDataProperties.m */,
				7A45B6A721AE233A00276A51 /* Photographer+CoreDataProperties.h */,
				7A45B6A821AE233A00276A51 /* Photographer+CoreDataClass.h */,
				7A45B6A921AE233A00276A51 /* Photographer+CoreDataClass.m */,
				7A45B6AA21AE233A00276A51 /* Photographer+CoreDataProperties.m */,
				7A45B68921AE228300276A51 /* PhotomaniaForiOS */,
				7A45B68821AE228300276A51 /* Products */,
			);
			sourceTree = "<group>";
		};
		7A45B68821AE228300276A51 /* Products */ = {
			isa = PBXGroup;
			children = (
				7A45B68721AE228300276A51 /* PhotomaniaForiOS.app */,
			);
			name = Products;
			sourceTree = "<group>";
		};
		7A45B68921AE228300276A51 /* PhotomaniaForiOS */ = {
			isa = PBXGroup;
			children = (
				7A45B6C621AE311700276A51 /* Apps */,
				7A45B6C521AE30F100276A51 /* ImageViewController */,
				7A45B6B721AE242C00276A51 /* CoreDataExtensionClasses */,
				7A45B6B621AE241100276A51 /* View */,
				7A45B6B421AE23EB00276A51 /* MOC */,
				7A45B6B321AE23DA00276A51 /* FlickrFetcher */,
				7A45B69621AE228400276A51 /* Assets.xcassets */,
				7A45B69821AE228400276A51 /* LaunchScreen.storyboard */,
				7A45B69B21AE228400276A51 /* Info.plist */,
				7A45B69C21AE228400276A51 /* main.m */,
				7A45B69321AE228300276A51 /* PhotomaniaForiOS.xcdatamodeld */,
			);
			path = PhotomaniaForiOS;
			sourceTree = "<group>";
		};
		7A45B6B321AE23DA00276A51 /* FlickrFetcher */ = {
			isa = PBXGroup;
			children = (
				7A45B6AF21AE23D600276A51 /* FlickrAPIKey.h */,
				7A45B6B021AE23D600276A51 /* FlickrFetcher.h */,
				7A45B6B121AE23D600276A51 /* FlickrFetcher.m */,
			);
			path = FlickrFetcher;
			sourceTree = "<group>";
		};
		7A45B6B421AE23EB00276A51 /* MOC */ = {
			isa = PBXGroup;
			children = (
				7A45B6CD21AE31E100276A51 /* PhotomaniaAppDelegate+MOC.h */,
				7A45B6CC21AE31E100276A51 /* PhotomaniaAppDelegate+MOC.m */,
				7A45B6B521AE23F700276A51 /* CoreDataTableViewController */,
			);
			path = MOC;
			sourceTree = "<group>";
		};
		7A45B6B521AE23F700276A51 /* CoreDataTableViewController */ = {
			isa = PBXGroup;
			children = (
				7A45B6CF21AE31EC00276A51 /* CoreDataTableViewController.h */,
				7A45B6D021AE31EC00276A51 /* CoreDataTableViewController.m */,
				7A45B6C221AE2A1500276A51 /* PhotosByPhotographersCDTVC.h */,
				7A45B6C321AE2A1500276A51 /* PhotosByPhotographersCDTVC.m */,
				7A45B6C721AE318700276A51 /* PhotographerCDTVC.h */,
				7A45B6C821AE318700276A51 /* PhotographerCDTVC.m */,
			);
			path = CoreDataTableViewController;
			sourceTree = "<group>";
		};
		7A45B6B621AE241100276A51 /* View */ = {
			isa = PBXGroup;
			children = (
				7A45B69021AE228300276A51 /* Main.storyboard */,
			);
			path = View;
			sourceTree = "<group>";
		};
		7A45B6B721AE242C00276A51 /* CoreDataExtensionClasses */ = {
			isa = PBXGroup;
			children = (
				7A45B6B821AE244F00276A51 /* Photo+Flickr.h */,
				7A45B6B921AE244F00276A51 /* Photo+Flickr.m */,
				7A45B6BE21AE24C700276A51 /* Photographer+Create.h */,
				7A45B6BF21AE24C700276A51 /* Photographer+Create.m */,
				7A45B6C121AE296900276A51 /* PhotoDatabaseAvailability.h */,
			);
			path = CoreDataExtensionClasses;
			sourceTree = "<group>";
		};
		7A45B6C521AE30F100276A51 /* ImageViewController */ = {
			isa = PBXGroup;
			children = (
				7A45B6D221AE353900276A51 /* ImageViewController.h */,
				7A45B6D321AE353900276A51 /* ImageViewController.m */,
			);
			path = ImageViewController;
			sourceTree = "<group>";
		};
		7A45B6C621AE311700276A51 /* Apps */ = {
			isa = PBXGroup;
			children = (
				7A45B68A21AE228300276A51 /* PhotomaniaAppDelegate.h */,
				7A45B68B21AE228300276A51 /* PhotomaniaAppDelegate.m */,
			);
			path = Apps;
			sourceTree = "<group>";
		};
/* End PBXGroup section */

/* Begin PBXNativeTarget section */
		7A45B68621AE228300276A51 /* PhotomaniaForiOS */ = {
			isa = PBXNativeTarget;
			buildConfigurationList = 7A45B6A021AE228400276A51 /* Build configuration list for PBXNativeTarget "PhotomaniaForiOS" */;
			buildPhases = (
				7A45B68321AE228300276A51 /* Sources */,
				7A45B68421AE228300276A51 /* Frameworks */,
				7A45B68521AE228300276A51 /* Resources */,
			);
			buildRules = (
			);
			dependencies = (
			);
			name = PhotomaniaForiOS;
			productName = PhotomaniaForiOS;
			productReference = 7A45B68721AE228300276A51 /* PhotomaniaForiOS.app */;
			productType = "com.apple.product-type.application";
		};
/* End PBXNativeTarget section */

/* Begin PBXProject section */
		7A45B67F21AE228300276A51 /* Project object */ = {
			isa = PBXProject;
			attributes = {
				LastUpgradeCheck = 1010;
				ORGANIZATIONNAME = JihoonPark;
				TargetAttributes = {
					7A45B68621AE228300276A51 = {
						CreatedOnToolsVersion = 10.1;
					};
				};
			};
			buildConfigurationList = 7A45B68221AE228300276A51 /* Build configuration list for PBXProject "PhotomaniaForiOS" */;
			compatibilityVersion = "Xcode 9.3";
			developmentRegion = en;
			hasScannedForEncodings = 0;
			knownRegions = (
				en,
				Base,
			);
			mainGroup = 7A45B67E21AE228300276A51;
			productRefGroup = 7A45B68821AE228300276A51 /* Products */;
			projectDirPath = "";
			projectRoot = "";
			targets = (
				7A45B68621AE228300276A51 /* PhotomaniaForiOS */,
			);
		};
/* End PBXProject section */

/* Begin PBXResourcesBuildPhase section */
		7A45B68521AE228300276A51 /* Resources */ = {
			isa = PBXResourcesBuildPhase;
			buildActionMask = 2147483647;
			files = (
				7A45B69A21AE228400276A51 /* LaunchScreen.storyboard in Resources */,
				7A45B69721AE228400276A51 /* Assets.xcassets in Resources */,
				7A45B69221AE228300276A51 /* Main.storyboard in Resources */,
			);
			runOnlyForDeploymentPostprocessing = 0;
		};
/* End PBXResourcesBuildPhase section */

/* Begin PBXSourcesBuildPhase section */
		7A45B68321AE228300276A51 /* Sources */ = {
			isa = PBXSourcesBuildPhase;
			buildActionMask = 2147483647;
			files = (
				7A45B6CE21AE31E100276A51 /* PhotomaniaAppDelegate+MOC.m in Sources */,
				7A45B6D121AE31EC00276A51 /* CoreDataTableViewController.m in Sources */,
				7A45B6C921AE318700276A51 /* PhotographerCDTVC.m in Sources */,
				7A45B6BA21AE244F00276A51 /* Photo+Flickr.m in Sources */,
				7A45B6D421AE353900276A51 /* ImageViewController.m in Sources */,
				7A45B6C421AE2A1500276A51 /* PhotosByPhotographersCDTVC.m in Sources */,
				7A45B6C021AE24C700276A51 /* Photographer+Create.m in Sources */,
				7A45B6B221AE23D600276A51 /* FlickrFetcher.m in Sources */,
				7A45B69521AE228300276A51 /* PhotomaniaForiOS.xcdatamodeld in Sources */,
				7A45B69D21AE228400276A51 /* main.m in Sources */,
				7A45B68C21AE228300276A51 /* PhotomaniaAppDelegate.m in Sources */,
			);
			runOnlyForDeploymentPostprocessing = 0;
		};
/* End PBXSourcesBuildPhase section */

/* Begin PBXVariantGroup section */
		7A45B69021AE228300276A51 /* Main.storyboard */ = {
			isa = PBXVariantGroup;
			children = (
				7A45B69121AE228300276A51 /* Base */,
			);
			name = Main.storyboard;
			sourceTree = "<group>";
		};
		7A45B69821AE228400276A51 /* LaunchScreen.storyboard */ = {
			isa = PBXVariantGroup;
			children = (
				7A45B69921AE228400276A51 /* Base */,
			);
			name = LaunchScreen.storyboard;
			sourceTree = "<group>";
		};
/* End PBXVariantGroup section */

/* Begin XCBuildConfiguration section */
		7A45B69E21AE228400276A51 /* Debug */ = {
			isa = XCBuildConfiguration;
			buildSettings = {
				ALWAYS_SEARCH_USER_PATHS = NO;
				CLANG_ANALYZER_NONNULL = YES;
				CLANG_ANALYZER_NUMBER_OBJECT_CONVERSION = YES_AGGRESSIVE;
				CLANG_CXX_LANGUAGE_STANDARD = "gnu++14";
				CLANG_CXX_LIBRARY = "libc++";
				CLANG_ENABLE_MODULES = YES;
				CLANG_ENABLE_OBJC_ARC = YES;
				CLANG_ENABLE_OBJC_WEAK = YES;
				CLANG_WARN_BLOCK_CAPTURE_AUTORELEASING = YES;
				CLANG_WARN_BOOL_CONVERSION = YES;
				CLANG_WARN_COMMA = YES;
				CLANG_WARN_CONSTANT_CONVERSION = YES;
				CLANG_WARN_DEPRECATED_OBJC_IMPLEMENTATIONS = YES;
				CLANG_WARN_DIRECT_OBJC_ISA_USAGE = YES_ERROR;
				CLANG_WARN_DOCUMENTATION_COMMENTS = YES;
				CLANG_WARN_EMPTY_BODY = YES;
				CLANG_WARN_ENUM_CONVERSION = YES;
				CLANG_WARN_INFINITE_RECURSION = YES;
				CLANG_WARN_INT_CONVERSION = YES;
				CLANG_WARN_NON_LITERAL_NULL_CONVERSION = YES;
				CLANG_WARN_OBJC_IMPLICIT_RETAIN_SELF = YES;
				CLANG_WARN_OBJC_LITERAL_CONVERSION = YES;
				CLANG_WARN_OBJC_ROOT_CLASS = YES_ERROR;
				CLANG_WARN_RANGE_LOOP_ANALYSIS = YES;
				CLANG_WARN_STRICT_PROTOTYPES = YES;
				CLANG_WARN_SUSPICIOUS_MOVE = YES;
				CLANG_WARN_UNGUARDED_AVAILABILITY = YES_AGGRESSIVE;
				CLANG_WARN_UNREACHABLE_CODE = YES;
				CLANG_WARN__DUPLICATE_METHOD_MATCH = YES;
				CODE_SIGN_IDENTITY = "iPhone Developer";
				COPY_PHASE_STRIP = NO;
				DEBUG_INFORMATION_FORMAT = dwarf;
				ENABLE_STRICT_OBJC_MSGSEND = YES;
				ENABLE_TESTABILITY = YES;
				GCC_C_LANGUAGE_STANDARD = gnu11;
				GCC_DYNAMIC_NO_PIC = NO;
				GCC_NO_COMMON_BLOCKS = YES;
				GCC_OPTIMIZATION_LEVEL = 0;
				GCC_PREPROCESSOR_DEFINITIONS = (
					"DEBUG=1",
					"$(inherited)",
				);
				GCC_WARN_64_TO_32_BIT_CONVERSION = YES;
				GCC_WARN_ABOUT_RETURN_TYPE = YES_ERROR;
				GCC_WARN_UNDECLARED_SELECTOR = YES;
				GCC_WARN_UNINITIALIZED_AUTOS = YES_AGGRESSIVE;
				GCC_WARN_UNUSED_FUNCTION = YES;
				GCC_WARN_UNUSED_VARIABLE = YES;
				IPHONEOS_DEPLOYMENT_TARGET = 12.1;
				MTL_ENABLE_DEBUG_INFO = INCLUDE_SOURCE;
				MTL_FAST_MATH = YES;
				ONLY_ACTIVE_ARCH = YES;
				SDKROOT = iphoneos;
			};
			name = Debug;
		};
		7A45B69F21AE228400276A51 /* Release */ = {
			isa = XCBuildConfiguration;
			buildSettings = {
				ALWAYS_SEARCH_USER_PATHS = NO;
				CLANG_ANALYZER_NONNULL = YES;
				CLANG_ANALYZER_NUMBER_OBJECT_CONVERSION = YES_AGGRESSIVE;
				CLANG_CXX_LANGUAGE_STANDARD = "gnu++14";
				CLANG_CXX_LIBRARY = "libc++";
				CLANG_ENABLE_MODULES = YES;
				CLANG_ENABLE_OBJC_ARC = YES;
				CLANG_ENABLE_OBJC_WEAK = YES;
				CLANG_WARN_BLOCK_CAPTURE_AUTORELEASING = YES;
				CLANG_WARN_BOOL_CONVERSION = YES;
				CLANG_WARN_COMMA = YES;
				CLANG_WARN_CONSTANT_CONVERSION = YES;
				CLANG_WARN_DEPRECATED_OBJC_IMPLEMENTATIONS = YES;
				CLANG_WARN_DIRECT_OBJC_ISA_USAGE = YES_ERROR;
				CLANG_WARN_DOCUMENTATION_COMMENTS = YES;
				CLANG_WARN_EMPTY_BODY = YES;
				CLANG_WARN_ENUM_CONVERSION = YES;
				CLANG_WARN_INFINITE_RECURSION = YES;
				CLANG_WARN_INT_CONVERSION = YES;
				CLANG_WARN_NON_LITERAL_NULL_CONVERSION = YES;
				CLANG_WARN_OBJC_IMPLICIT_RETAIN_SELF = YES;
				CLANG_WARN_OBJC_LITERAL_CONVERSION = YES;
				CLANG_WARN_OBJC_ROOT_CLASS = YES_ERROR;
				CLANG_WARN_RANGE_LOOP_ANALYSIS = YES;
				CLANG_WARN_STRICT_PROTOTYPES = YES;
				CLANG_WARN_SUSPICIOUS_MOVE = YES;
				CLANG_WARN_UNGUARDED_AVAILABILITY = YES_AGGRESSIVE;
				CLANG_WARN_UNREACHABLE_CODE = YES;
				CLANG_WARN__DUPLICATE_METHOD_MATCH = YES;
				CODE_SIGN_IDENTITY = "iPhone Developer";
				COPY_PHASE_STRIP = NO;
				DEBUG_INFORMATION_FORMAT = "dwarf-with-dsym";
				ENABLE_NS_ASSERTIONS = NO;
				ENABLE_STRICT_OBJC_MSGSEND = YES;
				GCC_C_LANGUAGE_STANDARD = gnu11;
				GCC_NO_COMMON_BLOCKS = YES;
				GCC_WARN_64_TO_32_BIT_CONVERSION = YES;
				GCC_WARN_ABOUT_RETURN_TYPE = YES_ERROR;
				GCC_WARN_UNDECLARED_SELECTOR = YES;
				GCC_WARN_UNINITIALIZED_AUTOS = YES_AGGRESSIVE;
				GCC_WARN_UNUSED_FUNCTION = YES;
				GCC_WARN_UNUSED_VARIABLE = YES;
				IPHONEOS_DEPLOYMENT_TARGET = 12.1;
				MTL_ENABLE_DEBUG_INFO = NO;
				MTL_FAST_MATH = YES;
				SDKROOT = iphoneos;
				VALIDATE_PRODUCT = YES;
			};
			name = Release;
		};
		7A45B6A121AE228400276A51 /* Debug */ = {
			isa = XCBuildConfiguration;
			buildSettings = {
				ASSETCATALOG_COMPILER_APPICON_NAME = AppIcon;
				CODE_SIGN_STYLE = Automatic;
				DEVELOPMENT_TEAM = Z73D4U4HW8;
				INFOPLIST_FILE = PhotomaniaForiOS/Info.plist;
				LD_RUNPATH_SEARCH_PATHS = (
					"$(inherited)",
					"@executable_path/Frameworks",
				);
				PRODUCT_BUNDLE_IDENTIFIER = cnu.201402356.PhotomaniaForiOS;
				PRODUCT_NAME = "$(TARGET_NAME)";
				TARGETED_DEVICE_FAMILY = "1,2";
			};
			name = Debug;
		};
		7A45B6A221AE228400276A51 /* Release */ = {
			isa = XCBuildConfiguration;
			buildSettings = {
				ASSETCATALOG_COMPILER_APPICON_NAME = AppIcon;
				CODE_SIGN_STYLE = Automatic;
				DEVELOPMENT_TEAM = Z73D4U4HW8;
				INFOPLIST_FILE = PhotomaniaForiOS/Info.plist;
				LD_RUNPATH_SEARCH_PATHS = (
					"$(inherited)",
					"@executable_path/Frameworks",
				);
				PRODUCT_BUNDLE_IDENTIFIER = cnu.201402356.PhotomaniaForiOS;
				PRODUCT_NAME = "$(TARGET_NAME)";
				TARGETED_DEVICE_FAMILY = "1,2";
			};
			name = Release;
		};
/* End XCBuildConfiguration section */

/* Begin XCConfigurationList section */
		7A45B68221AE228300276A51 /* Build configuration list for PBXProject "PhotomaniaForiOS" */ = {
			isa = XCConfigurationList;
			buildConfigurations = (
				7A45B69E21AE228400276A51 /* Debug */,
				7A45B69F21AE228400276A51 /* Release */,
			);
			defaultConfigurationIsVisible = 0;
			defaultConfigurationName = Release;
		};
		7A45B6A021AE228400276A51 /* Build configuration list for PBXNativeTarget "PhotomaniaForiOS" */ = {
			isa = XCConfigurationList;
			buildConfigurations = (
				7A45B6A121AE228400276A51 /* Debug */,
				7A45B6A221AE228400276A51 /* Release */,
			);
			defaultConfigurationIsVisible = 0;
			defaultConfigurationName = Release;
		};
/* End XCConfigurationList section */

/* Begin XCVersionGroup section */
		7A45B69321AE228300276A51 /* PhotomaniaForiOS.xcdatamodeld */ = {
			isa = XCVersionGroup;
			children = (
				7A45B69421AE228300276A51 /* PhotomaniaForiOS.xcdatamodel */,
			);
			currentVersion = 7A45B69421AE228300276A51 /* PhotomaniaForiOS.xcdatamodel */;
			path = PhotomaniaForiOS.xcdatamodeld;
			sourceTree = "<group>";
			versionGroupType = wrapper.xcdatamodel;
		};
/* End XCVersionGroup section */
	};
	rootObject = 7A45B67F21AE228300276A51 /* Project object */;
}
